
Microsoft Visual Studio Solution File, Format Version 12.00
# Visual Studio Version 17
VisualStudioVersion = 17.11.35303.130
MinimumVisualStudioVersion = 10.0.40219.1
Project("{FAE04EC0-301F-11D3-BF4B-00C04F79EFBC}") = "WEBTRUYEN", "WEBTRUYEN\WEBTRUYEN.csproj", "{8E2349F4-FD85-4CF4-8B7E-0859AA2AFE3E}"
EndProject
Global
	GlobalSection(SolutionConfigurationPlatforms) = preSolution
		Debug|Any CPU = Debug|Any CPU
		Release|Any CPU = Release|Any CPU
	EndGlobalSection
	GlobalSection(ProjectConfigurationPlatforms) = postSolution
		{8E2349F4-FD85-4CF4-8B7E-0859AA2AFE3E}.Debug|Any CPU.ActiveCfg = Debug|Any CPU
		{8E2349F4-FD85-4CF4-8B7E-0859AA2AFE3E}.Debug|Any CPU.Build.0 = Debug|Any CPU
		{8E2349F4-FD85-4CF4-8B7E-0859AA2AFE3E}.Release|Any CPU.ActiveCfg = Release|Any CPU
		{8E2349F4-FD85-4CF4-8B7E-0859AA2AFE3E}.Release|Any CPU.Build.0 = Release|Any CPU
	EndGlobalSection
	GlobalSection(SolutionProperties) = preSolution
		HideSolutionNode = FALSE
	EndGlobalSection
	GlobalSection(ExtensibilityGlobals) = postSolution
		SolutionGuid = {D54055F1-4E2A-4EC3-9C65-83172D9E72BA}
	EndGlobalSection
EndGlobal
